// !$*UTF8*$!
{
	archiveVersion = 1;
	classes = {
	};
	objectVersion = 48;
	objects = {

/* Begin PBXBuildFile section */
		D8AA3B1F248AD81CAA4B56B6 /* Pods_ScreenCommune.framework in Frameworks */ = {isa = PBXBuildFile; fileRef = CD35674E0C611D5EC52BAFB7 /* Pods_ScreenCommune.framework */; };
		FA1C42D51FCEABF600020BE8 /* librtc_sdk_objc.a in Frameworks */ = {isa = PBXBuildFile; fileRef = FA1C42D41FCEABF600020BE8 /* librtc_sdk_objc.a */; };
		FA1C42D71FCEAC8F00020BE8 /* VideoToolbox.framework in Frameworks */ = {isa = PBXBuildFile; fileRef = FA1C42D61FCEAC8F00020BE8 /* VideoToolbox.framework */; };
		FA1C42D91FCEACD300020BE8 /* libstdc++.tbd in Frameworks */ = {isa = PBXBuildFile; fileRef = FA1C42D81FCEACD200020BE8 /* libstdc++.tbd */; };
		FA1C42F21FD345DF00020BE8 /* MetalKit.framework in Frameworks */ = {isa = PBXBuildFile; fileRef = FA1C42F11FD345DF00020BE8 /* MetalKit.framework */; };
		FADCA84F1FC9FD1700596607 /* AppDelegate.swift in Sources */ = {isa = PBXBuildFile; fileRef = FADCA84E1FC9FD1700596607 /* AppDelegate.swift */; };
		FADCA8511FC9FD1700596607 /* ViewController.swift in Sources */ = {isa = PBXBuildFile; fileRef = FADCA8501FC9FD1700596607 /* ViewController.swift */; };
		FADCA8531FC9FD1700596607 /* Assets.xcassets in Resources */ = {isa = PBXBuildFile; fileRef = FADCA8521FC9FD1700596607 /* Assets.xcassets */; };
		FADCA8561FC9FD1700596607 /* Main.storyboard in Resources */ = {isa = PBXBuildFile; fileRef = FADCA8541FC9FD1700596607 /* Main.storyboard */; };
/* End PBXBuildFile section */

/* Begin PBXFileReference section */
		2CDA954EFFD8F62BE5CDAB00 /* Pods-ScreenCommune.release.xcconfig */ = {isa = PBXFileReference; includeInIndex = 1; lastKnownFileType = text.xcconfig; name = "Pods-ScreenCommune.release.xcconfig"; path = "Pods/Target Support Files/Pods-ScreenCommune/Pods-ScreenCommune.release.xcconfig"; sourceTree = "<group>"; };
		7BE80BA1CC783D211281D5DE /* Pods-ScreenCommune.debug.xcconfig */ = {isa = PBXFileReference; includeInIndex = 1; lastKnownFileType = text.xcconfig; name = "Pods-ScreenCommune.debug.xcconfig"; path = "Pods/Target Support Files/Pods-ScreenCommune/Pods-ScreenCommune.debug.xcconfig"; sourceTree = "<group>"; };
		CD35674E0C611D5EC52BAFB7 /* Pods_ScreenCommune.framework */ = {isa = PBXFileReference; explicitFileType = wrapper.framework; includeInIndex = 0; path = Pods_ScreenCommune.framework; sourceTree = BUILT_PRODUCTS_DIR; };
		FA0DD0AE1FD681E600DFE5F6 /* AVFoundation.framework */ = {isa = PBXFileReference; lastKnownFileType = wrapper.framework; name = AVFoundation.framework; path = System/Library/Frameworks/AVFoundation.framework; sourceTree = SDKROOT; };
		FA1C42D41FCEABF600020BE8 /* librtc_sdk_objc.a */ = {isa = PBXFileReference; lastKnownFileType = archive.ar; name = librtc_sdk_objc.a; path = ../../webrtc/src/out/Default/obj/sdk/librtc_sdk_objc.a; sourceTree = "<group>"; };
		FA1C42D61FCEAC8F00020BE8 /* VideoToolbox.framework */ = {isa = PBXFileReference; lastKnownFileType = wrapper.framework; name = VideoToolbox.framework; path = System/Library/Frameworks/VideoToolbox.framework; sourceTree = SDKROOT; };
		FA1C42D81FCEACD200020BE8 /* libstdc++.tbd */ = {isa = PBXFileReference; lastKnownFileType = "sourcecode.text-based-dylib-definition"; name = "libstdc++.tbd"; path = "usr/lib/libstdc++.tbd"; sourceTree = SDKROOT; };
		FA1C42F11FD345DF00020BE8 /* MetalKit.framework */ = {isa = PBXFileReference; lastKnownFileType = wrapper.framework; name = MetalKit.framework; path = System/Library/Frameworks/MetalKit.framework; sourceTree = SDKROOT; };
		FADCA84B1FC9FD1700596607 /* ScreenCommune.app */ = {isa = PBXFileReference; explicitFileType = wrapper.application; includeInIndex = 0; path = ScreenCommune.app; sourceTree = BUILT_PRODUCTS_DIR; };
		FADCA84E1FC9FD1700596607 /* AppDelegate.swift */ = {isa = PBXFileReference; lastKnownFileType = sourcecode.swift; path = AppDelegate.swift; sourceTree = "<group>"; };
		FADCA8501FC9FD1700596607 /* ViewController.swift */ = {isa = PBXFileReference; lastKnownFileType = sourcecode.swift; path = ViewController.swift; sourceTree = "<group>"; };
		FADCA8521FC9FD1700596607 /* Assets.xcassets */ = {isa = PBXFileReference; lastKnownFileType = folder.assetcatalog; path = Assets.xcassets; sourceTree = "<group>"; };
		FADCA8551FC9FD1700596607 /* Base */ = {isa = PBXFileReference; lastKnownFileType = file.storyboard; name = Base; path = Base.lproj/Main.storyboard; sourceTree = "<group>"; };
		FADCA8571FC9FD1700596607 /* Info.plist */ = {isa = PBXFileReference; lastKnownFileType = text.plist.xml; path = Info.plist; sourceTree = "<group>"; };
		FADCA8581FC9FD1700596607 /* ScreenCommune.entitlements */ = {isa = PBXFileReference; lastKnownFileType = text.plist.entitlements; path = ScreenCommune.entitlements; sourceTree = "<group>"; };
		FADCA8641FC9FF3700596607 /* ScreenCommune-Bridging-Header.h */ = {isa = PBXFileReference; lastKnownFileType = sourcecode.c.h; path = "ScreenCommune-Bridging-Header.h"; sourceTree = "<group>"; };
/* End PBXFileReference section */

/* Begin PBXFrameworksBuildPhase section */
		FADCA8481FC9FD1700596607 /* Frameworks */ = {
			isa = PBXFrameworksBuildPhase;
			buildActionMask = 2147483647;
			files = (
				FA1C42F21FD345DF00020BE8 /* MetalKit.framework in Frameworks */,
				FA1C42D91FCEACD300020BE8 /* libstdc++.tbd in Frameworks */,
				FA1C42D71FCEAC8F00020BE8 /* VideoToolbox.framework in Frameworks */,
				FA1C42D51FCEABF600020BE8 /* librtc_sdk_objc.a in Frameworks */,
				D8AA3B1F248AD81CAA4B56B6 /* Pods_ScreenCommune.framework in Frameworks */,
			);
			runOnlyForDeploymentPostprocessing = 0;
		};
/* End PBXFrameworksBuildPhase section */

/* Begin PBXGroup section */
		DB3D5D49EAF6DFEA1B5EB6BA /* Pods */ = {
			isa = PBXGroup;
			children = (
				7BE80BA1CC783D211281D5DE /* Pods-ScreenCommune.debug.xcconfig */,
				2CDA954EFFD8F62BE5CDAB00 /* Pods-ScreenCommune.release.xcconfig */,
			);
			name = Pods;
			sourceTree = "<group>";
		};
		FADCA8421FC9FD1700596607 = {
			isa = PBXGroup;
			children = (
				FADCA84D1FC9FD1700596607 /* ScreenCommune */,
				FADCA84C1FC9FD1700596607 /* Products */,
				FADCA85E1FC9FD5200596607 /* Frameworks */,
				DB3D5D49EAF6DFEA1B5EB6BA /* Pods */,
			);
			sourceTree = "<group>";
		};
		FADCA84C1FC9FD1700596607 /* Products */ = {
			isa = PBXGroup;
			children = (
				FADCA84B1FC9FD1700596607 /* ScreenCommune.app */,
			);
			name = Products;
			sourceTree = "<group>";
		};
		FADCA84D1FC9FD1700596607 /* ScreenCommune */ = {
			isa = PBXGroup;
			children = (
				FADCA84E1FC9FD1700596607 /* AppDelegate.swift */,
				FADCA8501FC9FD1700596607 /* ViewController.swift */,
				FADCA8521FC9FD1700596607 /* Assets.xcassets */,
				FADCA8541FC9FD1700596607 /* Main.storyboard */,
				FADCA8571FC9FD1700596607 /* Info.plist */,
				FADCA8581FC9FD1700596607 /* ScreenCommune.entitlements */,
				FADCA8641FC9FF3700596607 /* ScreenCommune-Bridging-Header.h */,
			);
			path = ScreenCommune;
			sourceTree = "<group>";
		};
		FADCA85E1FC9FD5200596607 /* Frameworks */ = {
			isa = PBXGroup;
			children = (
				FA0DD0AE1FD681E600DFE5F6 /* AVFoundation.framework */,
				FA1C42F11FD345DF00020BE8 /* MetalKit.framework */,
				FA1C42D81FCEACD200020BE8 /* libstdc++.tbd */,
				FA1C42D61FCEAC8F00020BE8 /* VideoToolbox.framework */,
				FA1C42D41FCEABF600020BE8 /* librtc_sdk_objc.a */,
				CD35674E0C611D5EC52BAFB7 /* Pods_ScreenCommune.framework */,
			);
			name = Frameworks;
			sourceTree = "<group>";
		};
/* End PBXGroup section */

/* Begin PBXNativeTarget section */
		FADCA84A1FC9FD1700596607 /* ScreenCommune */ = {
			isa = PBXNativeTarget;
			buildConfigurationList = FADCA85B1FC9FD1700596607 /* Build configuration list for PBXNativeTarget "ScreenCommune" */;
			buildPhases = (
				ACBDF5F8EBCE45C321425DB5 /* [CP] Check Pods Manifest.lock */,
				FADCA8471FC9FD1700596607 /* Sources */,
				FADCA8481FC9FD1700596607 /* Frameworks */,
				FADCA8491FC9FD1700596607 /* Resources */,
				8D533CE9D70508BC4197CA41 /* [CP] Embed Pods Frameworks */,
				6DF2A2D4416D5879DA4DD97B /* [CP] Copy Pods Resources */,
			);
			buildRules = (
			);
			dependencies = (
			);
			name = ScreenCommune;
			productName = ScreenCommune;
			productReference = FADCA84B1FC9FD1700596607 /* ScreenCommune.app */;
			productType = "com.apple.product-type.application";
		};
/* End PBXNativeTarget section */

/* Begin PBXProject section */
		FADCA8431FC9FD1700596607 /* Project object */ = {
			isa = PBXProject;
			attributes = {
				LastSwiftUpdateCheck = 0900;
				LastUpgradeCheck = 0900;
				ORGANIZATIONNAME = "Matthew Wilde";
				TargetAttributes = {
					FADCA84A1FC9FD1700596607 = {
						CreatedOnToolsVersion = 9.0;
						LastSwiftMigration = 0900;
						ProvisioningStyle = Automatic;
					};
				};
			};
			buildConfigurationList = FADCA8461FC9FD1700596607 /* Build configuration list for PBXProject "ScreenCommune" */;
			compatibilityVersion = "Xcode 8.0";
			developmentRegion = en;
			hasScannedForEncodings = 0;
			knownRegions = (
				en,
				Base,
			);
			mainGroup = FADCA8421FC9FD1700596607;
			productRefGroup = FADCA84C1FC9FD1700596607 /* Products */;
			projectDirPath = "";
			projectRoot = "";
			targets = (
				FADCA84A1FC9FD1700596607 /* ScreenCommune */,
			);
		};
/* End PBXProject section */

/* Begin PBXResourcesBuildPhase section */
		FADCA8491FC9FD1700596607 /* Resources */ = {
			isa = PBXResourcesBuildPhase;
			buildActionMask = 2147483647;
			files = (
				FADCA8531FC9FD1700596607 /* Assets.xcassets in Resources */,
				FADCA8561FC9FD1700596607 /* Main.storyboard in Resources */,
			);
			runOnlyForDeploymentPostprocessing = 0;
		};
/* End PBXResourcesBuildPhase section */

/* Begin PBXShellScriptBuildPhase section */
		6DF2A2D4416D5879DA4DD97B /* [CP] Copy Pods Resources */ = {
			isa = PBXShellScriptBuildPhase;
			buildActionMask = 2147483647;
			files = (
			);
			inputPaths = (
			);
			name = "[CP] Copy Pods Resources";
			outputPaths = (
			);
			runOnlyForDeploymentPostprocessing = 0;
			shellPath = /bin/sh;
			shellScript = "\"${SRCROOT}/Pods/Target Support Files/Pods-ScreenCommune/Pods-ScreenCommune-resources.sh\"\n";
			showEnvVarsInLog = 0;
		};
		8D533CE9D70508BC4197CA41 /* [CP] Embed Pods Frameworks */ = {
			isa = PBXShellScriptBuildPhase;
			buildActionMask = 2147483647;
			files = (
			);
			inputPaths = (
				"${SRCROOT}/Pods/Target Support Files/Pods-ScreenCommune/Pods-ScreenCommune-frameworks.sh",
				"${BUILT_PRODUCTS_DIR}/Starscream/Starscream.framework",
			);
			name = "[CP] Embed Pods Frameworks";
			outputPaths = (
				"${TARGET_BUILD_DIR}/${FRAMEWORKS_FOLDER_PATH}/Starscream.framework",
			);
			runOnlyForDeploymentPostprocessing = 0;
			shellPath = /bin/sh;
			shellScript = "\"${SRCROOT}/Pods/Target Support Files/Pods-ScreenCommune/Pods-ScreenCommune-frameworks.sh\"\n";
			showEnvVarsInLog = 0;
		};
		ACBDF5F8EBCE45C321425DB5 /* [CP] Check Pods Manifest.lock */ = {
			isa = PBXShellScriptBuildPhase;
			buildActionMask = 2147483647;
			files = (
			);
			inputPaths = (
				"${PODS_PODFILE_DIR_PATH}/Podfile.lock",
				"${PODS_ROOT}/Manifest.lock",
			);
			name = "[CP] Check Pods Manifest.lock";
			outputPaths = (
				"$(DERIVED_FILE_DIR)/Pods-ScreenCommune-checkManifestLockResult.txt",
			);
			runOnlyForDeploymentPostprocessing = 0;
			shellPath = /bin/sh;
			shellScript = "diff \"${PODS_PODFILE_DIR_PATH}/Podfile.lock\" \"${PODS_ROOT}/Manifest.lock\" > /dev/null\nif [ $? != 0 ] ; then\n    # print error to STDERR\n    echo \"error: The sandbox is not in sync with the Podfile.lock. Run 'pod install' or update your CocoaPods installation.\" >&2\n    exit 1\nfi\n# This output is used by Xcode 'outputs' to avoid re-running this script phase.\necho \"SUCCESS\" > \"${SCRIPT_OUTPUT_FILE_0}\"\n";
			showEnvVarsInLog = 0;
		};
/* End PBXShellScriptBuildPhase section */

/* Begin PBXSourcesBuildPhase section */
		FADCA8471FC9FD1700596607 /* Sources */ = {
			isa = PBXSourcesBuildPhase;
			buildActionMask = 2147483647;
			files = (
				FADCA8511FC9FD1700596607 /* ViewController.swift in Sources */,
				FADCA84F1FC9FD1700596607 /* AppDelegate.swift in Sources */,
			);
			runOnlyForDeploymentPostprocessing = 0;
		};
/* End PBXSourcesBuildPhase section */

/* Begin PBXVariantGroup section */
		FADCA8541FC9FD1700596607 /* Main.storyboard */ = {
			isa = PBXVariantGroup;
			children = (
				FADCA8551FC9FD1700596607 /* Base */,
			);
			name = Main.storyboard;
			sourceTree = "<group>";
		};
/* End PBXVariantGroup section */

/* Begin XCBuildConfiguration section */
		FADCA8591FC9FD1700596607 /* Debug */ = {
			isa = XCBuildConfiguration;
			buildSettings = {
				ALWAYS_SEARCH_USER_PATHS = NO;
				CLANG_ANALYZER_NONNULL = YES;
				CLANG_ANALYZER_NUMBER_OBJECT_CONVERSION = YES_AGGRESSIVE;
				CLANG_CXX_LANGUAGE_STANDARD = "gnu++14";
				CLANG_CXX_LIBRARY = "libc++";
				CLANG_ENABLE_MODULES = YES;
				CLANG_ENABLE_OBJC_ARC = YES;
				CLANG_WARN_BLOCK_CAPTURE_AUTORELEASING = YES;
				CLANG_WARN_BOOL_CONVERSION = YES;
				CLANG_WARN_COMMA = YES;
				CLANG_WARN_CONSTANT_CONVERSION = YES;
				CLANG_WARN_DIRECT_OBJC_ISA_USAGE = YES_ERROR;
				CLANG_WARN_DOCUMENTATION_COMMENTS = YES;
				CLANG_WARN_EMPTY_BODY = YES;
				CLANG_WARN_ENUM_CONVERSION = YES;
				CLANG_WARN_INFINITE_RECURSION = YES;
				CLANG_WARN_INT_CONVERSION = YES;
				CLANG_WARN_NON_LITERAL_NULL_CONVERSION = YES;
				CLANG_WARN_OBJC_LITERAL_CONVERSION = YES;
				CLANG_WARN_OBJC_ROOT_CLASS = YES_ERROR;
				CLANG_WARN_RANGE_LOOP_ANALYSIS = YES;
				CLANG_WARN_STRICT_PROTOTYPES = YES;
				CLANG_WARN_SUSPICIOUS_MOVE = YES;
				CLANG_WARN_UNGUARDED_AVAILABILITY = YES_AGGRESSIVE;
				CLANG_WARN_UNREACHABLE_CODE = YES;
				CLANG_WARN__DUPLICATE_METHOD_MATCH = YES;
				CODE_SIGN_IDENTITY = "Mac Developer";
				COPY_PHASE_STRIP = NO;
				DEBUG_INFORMATION_FORMAT = dwarf;
				ENABLE_STRICT_OBJC_MSGSEND = YES;
				ENABLE_TESTABILITY = YES;
				GCC_C_LANGUAGE_STANDARD = gnu11;
				GCC_DYNAMIC_NO_PIC = NO;
				GCC_NO_COMMON_BLOCKS = YES;
				GCC_OPTIMIZATION_LEVEL = 0;
				GCC_PREPROCESSOR_DEFINITIONS = (
					"DEBUG=1",
					"$(inherited)",
				);
				GCC_WARN_64_TO_32_BIT_CONVERSION = YES;
				GCC_WARN_ABOUT_RETURN_TYPE = YES_ERROR;
				GCC_WARN_UNDECLARED_SELECTOR = YES;
				GCC_WARN_UNINITIALIZED_AUTOS = YES_AGGRESSIVE;
				GCC_WARN_UNUSED_FUNCTION = YES;
				GCC_WARN_UNUSED_VARIABLE = YES;
				MACOSX_DEPLOYMENT_TARGET = 10.13;
				MTL_ENABLE_DEBUG_INFO = YES;
				ONLY_ACTIVE_ARCH = YES;
				SDKROOT = macosx;
				SWIFT_ACTIVE_COMPILATION_CONDITIONS = DEBUG;
				SWIFT_OPTIMIZATION_LEVEL = "-Onone";
			};
			name = Debug;
		};
		FADCA85A1FC9FD1700596607 /* Release */ = {
			isa = XCBuildConfiguration;
			buildSettings = {
				ALWAYS_SEARCH_USER_PATHS = NO;
				CLANG_ANALYZER_NONNULL = YES;
				CLANG_ANALYZER_NUMBER_OBJECT_CONVERSION = YES_AGGRESSIVE;
				CLANG_CXX_LANGUAGE_STANDARD = "gnu++14";
				CLANG_CXX_LIBRARY = "libc++";
				CLANG_ENABLE_MODULES = YES;
				CLANG_ENABLE_OBJC_ARC = YES;
				CLANG_WARN_BLOCK_CAPTURE_AUTORELEASING = YES;
				CLANG_WARN_BOOL_CONVERSION = YES;
				CLANG_WARN_COMMA = YES;
				CLANG_WARN_CONSTANT_CONVERSION = YES;
				CLANG_WARN_DIRECT_OBJC_ISA_USAGE = YES_ERROR;
				CLANG_WARN_DOCUMENTATION_COMMENTS = YES;
				CLANG_WARN_EMPTY_BODY = YES;
				CLANG_WARN_ENUM_CONVERSION = YES;
				CLANG_WARN_INFINITE_RECURSION = YES;
				CLANG_WARN_INT_CONVERSION = YES;
				CLANG_WARN_NON_LITERAL_NULL_CONVERSION = YES;
				CLANG_WARN_OBJC_LITERAL_CONVERSION = YES;
				CLANG_WARN_OBJC_ROOT_CLASS = YES_ERROR;
				CLANG_WARN_RANGE_LOOP_ANALYSIS = YES;
				CLANG_WARN_STRICT_PROTOTYPES = YES;
				CLANG_WARN_SUSPICIOUS_MOVE = YES;
				CLANG_WARN_UNGUARDED_AVAILABILITY = YES_AGGRESSIVE;
				CLANG_WARN_UNREACHABLE_CODE = YES;
				CLANG_WARN__DUPLICATE_METHOD_MATCH = YES;
				CODE_SIGN_IDENTITY = "Mac Developer";
				COPY_PHASE_STRIP = NO;
				DEBUG_INFORMATION_FORMAT = "dwarf-with-dsym";
				ENABLE_NS_ASSERTIONS = NO;
				ENABLE_STRICT_OBJC_MSGSEND = YES;
				GCC_C_LANGUAGE_STANDARD = gnu11;
				GCC_NO_COMMON_BLOCKS = YES;
				GCC_WARN_64_TO_32_BIT_CONVERSION = YES;
				GCC_WARN_ABOUT_RETURN_TYPE = YES_ERROR;
				GCC_WARN_UNDECLARED_SELECTOR = YES;
				GCC_WARN_UNINITIALIZED_AUTOS = YES_AGGRESSIVE;
				GCC_WARN_UNUSED_FUNCTION = YES;
				GCC_WARN_UNUSED_VARIABLE = YES;
				MACOSX_DEPLOYMENT_TARGET = 10.13;
				MTL_ENABLE_DEBUG_INFO = NO;
				SDKROOT = macosx;
				SWIFT_OPTIMIZATION_LEVEL = "-Owholemodule";
			};
			name = Release;
		};
		FADCA85C1FC9FD1700596607 /* Debug */ = {
			isa = XCBuildConfiguration;
			baseConfigurationReference = 7BE80BA1CC783D211281D5DE /* Pods-ScreenCommune.debug.xcconfig */;
			buildSettings = {
				ASSETCATALOG_COMPILER_APPICON_NAME = AppIcon;
				CLANG_ENABLE_MODULES = YES;
				CODE_SIGN_ENTITLEMENTS = ScreenCommune/ScreenCommune.entitlements;
				CODE_SIGN_STYLE = Automatic;
				COMBINE_HIDPI_IMAGES = YES;
				DEVELOPMENT_TEAM = 3YM38JXV3W;
				HEADER_SEARCH_PATHS = /Users/wilde/webrtc/sdk/objc/Framework/Headers;
				"HEADER_SEARCH_PATHS[arch=*]" = /Users/wilde/webrtc/sdk/objc/Framework/Headers;
				INFOPLIST_FILE = ScreenCommune/Info.plist;
				LD_RUNPATH_SEARCH_PATHS = "$(inherited) @executable_path/../Frameworks";
				LIBRARY_SEARCH_PATHS = (
					"$(inherited)",
					"$(PROJECT_DIR)",
				);
				"LIBRARY_SEARCH_PATHS[arch=*]" = (
					"$(inherited)",
					"$(PROJECT_DIR)",
					"/Users/wilde/webrtc/src/out/Default/obj/**",
				);
				OTHER_LDFLAGS = "-ObjC";
				PRODUCT_BUNDLE_IDENTIFIER = com.example.ScreenCommune;
				PRODUCT_NAME = "$(TARGET_NAME)";
				SWIFT_OBJC_BRIDGING_HEADER = "ScreenCommune/ScreenCommune-Bridging-Header.h";
				SWIFT_OPTIMIZATION_LEVEL = "-Onone";
				SWIFT_VERSION = 4.0;
			};
			name = Debug;
		};
		FADCA85D1FC9FD1700596607 /* Release */ = {
			isa = XCBuildConfiguration;
			baseConfigurationReference = 2CDA954EFFD8F62BE5CDAB00 /* Pods-ScreenCommune.release.xcconfig */;
			buildSettings = {
				ASSETCATALOG_COMPILER_APPICON_NAME = AppIcon;
				CLANG_ENABLE_MODULES = YES;
				CODE_SIGN_ENTITLEMENTS = ScreenCommune/ScreenCommune.entitlements;
				CODE_SIGN_STYLE = Automatic;
				COMBINE_HIDPI_IMAGES = YES;
				DEVELOPMENT_TEAM = 3YM38JXV3W;
				HEADER_SEARCH_PATHS = /Users/wilde/webrtc/sdk/objc/Framework/Headers;
				INFOPLIST_FILE = ScreenCommune/Info.plist;
				LD_RUNPATH_SEARCH_PATHS = "$(inherited) @executable_path/../Frameworks";
				LIBRARY_SEARCH_PATHS = (
					"$(inherited)",
					"$(PROJECT_DIR)",
					"/Users/wilde/webrtc/src/out/Default/obj/**",
				);
				OTHER_LDFLAGS = "-ObjC";
				PRODUCT_BUNDLE_IDENTIFIER = com.example.ScreenCommune;
				PRODUCT_NAME = "$(TARGET_NAME)";
				SWIFT_OBJC_BRIDGING_HEADER = "ScreenCommune/ScreenCommune-Bridging-Header.h";
				SWIFT_VERSION = 4.0;
			};
			name = Release;
		};
/* End XCBuildConfiguration section */

/* Begin XCConfigurationList section */
		FADCA8461FC9FD1700596607 /* Build configuration list for PBXProject "ScreenCommune" */ = {
			isa = XCConfigurationList;
			buildConfigurations = (
				FADCA8591FC9FD1700596607 /* Debug */,
				FADCA85A1FC9FD1700596607 /* Release */,
			);
			defaultConfigurationIsVisible = 0;
			defaultConfigurationName = Release;
		};
		FADCA85B1FC9FD1700596607 /* Build configuration list for PBXNativeTarget "ScreenCommune" */ = {
			isa = XCConfigurationList;
			buildConfigurations = (
				FADCA85C1FC9FD1700596607 /* Debug */,
				FADCA85D1FC9FD1700596607 /* Release */,
			);
			defaultConfigurationIsVisible = 0;
			defaultConfigurationName = Release;
		};
/* End XCConfigurationList section */
	};
	rootObject = FADCA8431FC9FD1700596607 /* Project object */;
}
